
Microsoft Visual Studio Solution File, Format Version 12.00
# Visual Studio 2012
Project("{FAE04EC0-301F-11D3-BF4B-00C04F79EFBC}") = "SOUND SYSTEM", "SOUND SYSTEM\SOUND SYSTEM.csproj", "{50FD70AE-20E0-4ACD-B4BB-656FD0053ECF}"
EndProject
Global
	GlobalSection(SolutionConfigurationPlatforms) = preSolution
		Debug|Any CPU = Debug|Any CPU
		Release|Any CPU = Release|Any CPU
	EndGlobalSection
	GlobalSection(ProjectConfigurationPlatforms) = postSolution
		{50FD70AE-20E0-4ACD-B4BB-656FD0053ECF}.Debug|Any CPU.ActiveCfg = Debug|Any CPU
		{50FD70AE-20E0-4ACD-B4BB-656FD0053ECF}.Debug|Any CPU.Build.0 = Debug|Any CPU
		{50FD70AE-20E0-4ACD-B4BB-656FD0053ECF}.Release|Any CPU.ActiveCfg = Release|Any CPU
		{50FD70AE-20E0-4ACD-B4BB-656FD0053ECF}.Release|Any CPU.Build.0 = Release|Any CPU
	EndGlobalSection
	GlobalSection(SolutionProperties) = preSolution
		HideSolutionNode = FALSE
	EndGlobalSection
EndGlobal
